
Microsoft Visual Studio Solution File, Format Version 12.00
# Visual Studio Version 16
VisualStudioVersion = 16.0.29230.47
MinimumVisualStudioVersion = 10.0.40219.1
Project("{FAE04EC0-301F-11D3-BF4B-00C04F79EFBC}") = "Showcase", "Showcase\Showcase.csproj", "{9041D589-6D15-44E5-952D-AE511B0713F8}"
EndProject
Global
	GlobalSection(SolutionConfigurationPlatforms) = preSolution
		Debug|Any CPU = Debug|Any CPU
		Release|Any CPU = Release|Any CPU
	EndGlobalSection
	GlobalSection(ProjectConfigurationPlatforms) = postSolution
		{9041D589-6D15-44E5-952D-AE511B0713F8}.Debug|Any CPU.ActiveCfg = Debug|Any CPU
		{9041D589-6D15-44E5-952D-AE511B0713F8}.Debug|Any CPU.Build.0 = Debug|Any CPU
		{9041D589-6D15-44E5-952D-AE511B0713F8}.Release|Any CPU.ActiveCfg = Release|Any CPU
		{9041D589-6D15-44E5-952D-AE511B0713F8}.Release|Any CPU.Build.0 = Release|Any CPU
	EndGlobalSection
	GlobalSection(SolutionProperties) = preSolution
		HideSolutionNode = FALSE
	EndGlobalSection
	GlobalSection(ExtensibilityGlobals) = postSolution
		SolutionGuid = {31E1BE54-653B-4B7C-AA16-3FD0E1ADA5B3}
	EndGlobalSection
EndGlobal
